
Microsoft Visual Studio Solution File, Format Version 11.00
# Visual Studio 2010
Project("{2150E333-8FDC-42A3-9474-1A3956D46DE8}") = "Solution Items", "Solution Items", "{40F39B4B-9459-4F7C-A06A-532E5FBE30D5}"
	ProjectSection(SolutionItems) = preProject
		Local.testsettings = Local.testsettings
		performance.testing.utilities.vsmdi = performance.testing.utilities.vsmdi
		TraceAndTestImpact.testsettings = TraceAndTestImpact.testsettings
	EndProjectSection
EndProject
Project("{FAE04EC0-301F-11D3-BF4B-00C04F79EFBC}") = "Performance.Testing.Utilities.SampleTargetScripts", "src\Performance.Testing.Utilities.SampleTargetScripts\Performance.Testing.Utilities.SampleTargetScripts.csproj", "{B2DEB90A-49E9-43D8-B7F8-FE7FBD6DF70A}"
EndProject
Project("{FAE04EC0-301F-11D3-BF4B-00C04F79EFBC}") = "Performance.Testing.Utilities.Harness", "app\Performance.Testing.Utilities.Harness\Performance.Testing.Utilities.Harness.csproj", "{7528A566-B0A1-4C61-8C56-20E5E7F35AC5}"
EndProject
Project("{2150E333-8FDC-42A3-9474-1A3956D46DE8}") = "app", "app", "{9BB68EA6-BF6E-446E-8382-5F0058155D0A}"
EndProject
Project("{2150E333-8FDC-42A3-9474-1A3956D46DE8}") = "src", "src", "{1D339623-8652-4EBC-9DF5-62B0943E6BFC}"
EndProject
Project("{FAE04EC0-301F-11D3-BF4B-00C04F79EFBC}") = "Performance.Testing.Fluent.WebTesting.Framework", "src\Performance.Testing.Fluent.WebTesting.Framework\Performance.Testing.Fluent.WebTesting.Framework.csproj", "{B5A9131B-EEB0-4016-B87D-12EE4C94C957}"
EndProject
Project("{FAE04EC0-301F-11D3-BF4B-00C04F79EFBC}") = "Performance.Testing.Utilities.Specs", "specs\Performance.Testing.Utilities.Specs\Performance.Testing.Utilities.Specs.csproj", "{F397BD11-E1F3-4A0A-B469-D976061180ED}"
EndProject
Project("{FAE04EC0-301F-11D3-BF4B-00C04F79EFBC}") = "Performance.Testing.Utilities.ReportConsole", "app\Performance.Testing.Utilities.ReportConsole\Performance.Testing.Utilities.ReportConsole.csproj", "{FEE21637-6F1B-4FE5-AE48-04B336F39C3E}"
EndProject
Project("{E24C65DC-7377-472B-9ABA-BC803B73C61A}") = "Performance.Testing.Utilities.ReportWebsite", "app\Performance.Testing.Utilities.ReportWebsite\", "{D6C52F32-8C49-48F3-BF8C-9086D8A91FC2}"
	ProjectSection(WebsiteProperties) = preProject
		TargetFrameworkMoniker = ".NETFramework,Version%3Dv3.5"
		ProjectReferences = "{BD6F77D0-79EF-4866-AD88-9C9801CD1E81}|Performance.Testing.Utilities.Data.dll;{2E1D6C80-311E-4E2A-AB9B-35825BF78724}|Performance.Testing.Utilities.DataTransfer.dll;"
		Debug.AspNetCompiler.VirtualPath = "/Performance.Testing.Utilities.ReportWebsite"
		Debug.AspNetCompiler.PhysicalPath = "app\Performance.Testing.Utilities.ReportWebsite\"
		Debug.AspNetCompiler.TargetPath = "PrecompiledWeb\Performance.Testing.Utilities.ReportWebsite\"
		Debug.AspNetCompiler.Updateable = "true"
		Debug.AspNetCompiler.ForceOverwrite = "true"
		Debug.AspNetCompiler.FixedNames = "false"
		Debug.AspNetCompiler.Debug = "True"
		Release.AspNetCompiler.VirtualPath = "/Performance.Testing.Utilities.ReportWebsite"
		Release.AspNetCompiler.PhysicalPath = "app\Performance.Testing.Utilities.ReportWebsite\"
		Release.AspNetCompiler.TargetPath = "PrecompiledWeb\Performance.Testing.Utilities.ReportWebsite\"
		Release.AspNetCompiler.Updateable = "true"
		Release.AspNetCompiler.ForceOverwrite = "true"
		Release.AspNetCompiler.FixedNames = "false"
		Release.AspNetCompiler.Debug = "False"
		VWDPort = "4759"
		DefaultWebSiteLanguage = "Visual C#"
	EndProjectSection
EndProject
Project("{FAE04EC0-301F-11D3-BF4B-00C04F79EFBC}") = "Performance.Testing.Utilities.DataTransfer", "src\Performance.Testing.Utilities.DataTransfer\Performance.Testing.Utilities.DataTransfer.csproj", "{2E1D6C80-311E-4E2A-AB9B-35825BF78724}"
EndProject
Project("{FAE04EC0-301F-11D3-BF4B-00C04F79EFBC}") = "Performance.Testing.Utilities.Data", "src\Performance.Testing.Utilities.Data\Performance.Testing.Utilities.Data.csproj", "{BD6F77D0-79EF-4866-AD88-9C9801CD1E81}"
EndProject
Global
	GlobalSection(TestCaseManagementSettings) = postSolution
		CategoryFile = performance.testing.utilities.vsmdi
	EndGlobalSection
	GlobalSection(SolutionConfigurationPlatforms) = preSolution
		Debug|Any CPU = Debug|Any CPU
		Debug|Mixed Platforms = Debug|Mixed Platforms
		Debug|x86 = Debug|x86
		Release|Any CPU = Release|Any CPU
		Release|Mixed Platforms = Release|Mixed Platforms
		Release|x86 = Release|x86
	EndGlobalSection
	GlobalSection(ProjectConfigurationPlatforms) = postSolution
		{B2DEB90A-49E9-43D8-B7F8-FE7FBD6DF70A}.Debug|Any CPU.ActiveCfg = Debug|Any CPU
		{B2DEB90A-49E9-43D8-B7F8-FE7FBD6DF70A}.Debug|Any CPU.Build.0 = Debug|Any CPU
		{B2DEB90A-49E9-43D8-B7F8-FE7FBD6DF70A}.Debug|Mixed Platforms.ActiveCfg = Debug|Any CPU
		{B2DEB90A-49E9-43D8-B7F8-FE7FBD6DF70A}.Debug|Mixed Platforms.Build.0 = Debug|Any CPU
		{B2DEB90A-49E9-43D8-B7F8-FE7FBD6DF70A}.Debug|x86.ActiveCfg = Debug|Any CPU
		{B2DEB90A-49E9-43D8-B7F8-FE7FBD6DF70A}.Release|Any CPU.ActiveCfg = Release|Any CPU
		{B2DEB90A-49E9-43D8-B7F8-FE7FBD6DF70A}.Release|Any CPU.Build.0 = Release|Any CPU
		{B2DEB90A-49E9-43D8-B7F8-FE7FBD6DF70A}.Release|Mixed Platforms.ActiveCfg = Release|Any CPU
		{B2DEB90A-49E9-43D8-B7F8-FE7FBD6DF70A}.Release|Mixed Platforms.Build.0 = Release|Any CPU
		{B2DEB90A-49E9-43D8-B7F8-FE7FBD6DF70A}.Release|x86.ActiveCfg = Release|Any CPU
		{7528A566-B0A1-4C61-8C56-20E5E7F35AC5}.Debug|Any CPU.ActiveCfg = Debug|Any CPU
		{7528A566-B0A1-4C61-8C56-20E5E7F35AC5}.Debug|Any CPU.Build.0 = Debug|Any CPU
		{7528A566-B0A1-4C61-8C56-20E5E7F35AC5}.Debug|Mixed Platforms.ActiveCfg = Debug|Any CPU
		{7528A566-B0A1-4C61-8C56-20E5E7F35AC5}.Debug|Mixed Platforms.Build.0 = Debug|Any CPU
		{7528A566-B0A1-4C61-8C56-20E5E7F35AC5}.Debug|x86.ActiveCfg = Debug|Any CPU
		{7528A566-B0A1-4C61-8C56-20E5E7F35AC5}.Release|Any CPU.ActiveCfg = Release|Any CPU
		{7528A566-B0A1-4C61-8C56-20E5E7F35AC5}.Release|Any CPU.Build.0 = Release|Any CPU
		{7528A566-B0A1-4C61-8C56-20E5E7F35AC5}.Release|Mixed Platforms.ActiveCfg = Release|Any CPU
		{7528A566-B0A1-4C61-8C56-20E5E7F35AC5}.Release|Mixed Platforms.Build.0 = Release|Any CPU
		{7528A566-B0A1-4C61-8C56-20E5E7F35AC5}.Release|x86.ActiveCfg = Release|Any CPU
		{B5A9131B-EEB0-4016-B87D-12EE4C94C957}.Debug|Any CPU.ActiveCfg = Debug|Any CPU
		{B5A9131B-EEB0-4016-B87D-12EE4C94C957}.Debug|Any CPU.Build.0 = Debug|Any CPU
		{B5A9131B-EEB0-4016-B87D-12EE4C94C957}.Debug|Mixed Platforms.ActiveCfg = Debug|Any CPU
		{B5A9131B-EEB0-4016-B87D-12EE4C94C957}.Debug|Mixed Platforms.Build.0 = Debug|Any CPU
		{B5A9131B-EEB0-4016-B87D-12EE4C94C957}.Debug|x86.ActiveCfg = Debug|Any CPU
		{B5A9131B-EEB0-4016-B87D-12EE4C94C957}.Release|Any CPU.ActiveCfg = Release|Any CPU
		{B5A9131B-EEB0-4016-B87D-12EE4C94C957}.Release|Any CPU.Build.0 = Release|Any CPU
		{B5A9131B-EEB0-4016-B87D-12EE4C94C957}.Release|Mixed Platforms.ActiveCfg = Release|Any CPU
		{B5A9131B-EEB0-4016-B87D-12EE4C94C957}.Release|Mixed Platforms.Build.0 = Release|Any CPU
		{B5A9131B-EEB0-4016-B87D-12EE4C94C957}.Release|x86.ActiveCfg = Release|Any CPU
		{F397BD11-E1F3-4A0A-B469-D976061180ED}.Debug|Any CPU.ActiveCfg = Debug|Any CPU
		{F397BD11-E1F3-4A0A-B469-D976061180ED}.Debug|Any CPU.Build.0 = Debug|Any CPU
		{F397BD11-E1F3-4A0A-B469-D976061180ED}.Debug|Mixed Platforms.ActiveCfg = Debug|Any CPU
		{F397BD11-E1F3-4A0A-B469-D976061180ED}.Debug|Mixed Platforms.Build.0 = Debug|Any CPU
		{F397BD11-E1F3-4A0A-B469-D976061180ED}.Debug|x86.ActiveCfg = Debug|Any CPU
		{F397BD11-E1F3-4A0A-B469-D976061180ED}.Release|Any CPU.ActiveCfg = Release|Any CPU
		{F397BD11-E1F3-4A0A-B469-D976061180ED}.Release|Any CPU.Build.0 = Release|Any CPU
		{F397BD11-E1F3-4A0A-B469-D976061180ED}.Release|Mixed Platforms.ActiveCfg = Release|Any CPU
		{F397BD11-E1F3-4A0A-B469-D976061180ED}.Release|Mixed Platforms.Build.0 = Release|Any CPU
		{F397BD11-E1F3-4A0A-B469-D976061180ED}.Release|x86.ActiveCfg = Release|Any CPU
		{FEE21637-6F1B-4FE5-AE48-04B336F39C3E}.Debug|Any CPU.ActiveCfg = Debug|x86
		{FEE21637-6F1B-4FE5-AE48-04B336F39C3E}.Debug|Mixed Platforms.ActiveCfg = Debug|x86
		{FEE21637-6F1B-4FE5-AE48-04B336F39C3E}.Debug|Mixed Platforms.Build.0 = Debug|x86
		{FEE21637-6F1B-4FE5-AE48-04B336F39C3E}.Debug|x86.ActiveCfg = Debug|x86
		{FEE21637-6F1B-4FE5-AE48-04B336F39C3E}.Debug|x86.Build.0 = Debug|x86
		{FEE21637-6F1B-4FE5-AE48-04B336F39C3E}.Release|Any CPU.ActiveCfg = Release|x86
		{FEE21637-6F1B-4FE5-AE48-04B336F39C3E}.Release|Mixed Platforms.ActiveCfg = Release|x86
		{FEE21637-6F1B-4FE5-AE48-04B336F39C3E}.Release|Mixed Platforms.Build.0 = Release|x86
		{FEE21637-6F1B-4FE5-AE48-04B336F39C3E}.Release|x86.ActiveCfg = Release|x86
		{FEE21637-6F1B-4FE5-AE48-04B336F39C3E}.Release|x86.Build.0 = Release|x86
		{D6C52F32-8C49-48F3-BF8C-9086D8A91FC2}.Debug|Any CPU.ActiveCfg = Debug|Any CPU
		{D6C52F32-8C49-48F3-BF8C-9086D8A91FC2}.Debug|Any CPU.Build.0 = Debug|Any CPU
		{D6C52F32-8C49-48F3-BF8C-9086D8A91FC2}.Debug|Mixed Platforms.ActiveCfg = Debug|Any CPU
		{D6C52F32-8C49-48F3-BF8C-9086D8A91FC2}.Debug|Mixed Platforms.Build.0 = Debug|Any CPU
		{D6C52F32-8C49-48F3-BF8C-9086D8A91FC2}.Debug|x86.ActiveCfg = Debug|Any CPU
		{D6C52F32-8C49-48F3-BF8C-9086D8A91FC2}.Release|Any CPU.ActiveCfg = Debug|Any CPU
		{D6C52F32-8C49-48F3-BF8C-9086D8A91FC2}.Release|Any CPU.Build.0 = Debug|Any CPU
		{D6C52F32-8C49-48F3-BF8C-9086D8A91FC2}.Release|Mixed Platforms.ActiveCfg = Debug|Any CPU
		{D6C52F32-8C49-48F3-BF8C-9086D8A91FC2}.Release|Mixed Platforms.Build.0 = Debug|Any CPU
		{D6C52F32-8C49-48F3-BF8C-9086D8A91FC2}.Release|x86.ActiveCfg = Debug|Any CPU
		{2E1D6C80-311E-4E2A-AB9B-35825BF78724}.Debug|Any CPU.ActiveCfg = Debug|Any CPU
		{2E1D6C80-311E-4E2A-AB9B-35825BF78724}.Debug|Any CPU.Build.0 = Debug|Any CPU
		{2E1D6C80-311E-4E2A-AB9B-35825BF78724}.Debug|Mixed Platforms.ActiveCfg = Debug|Any CPU
		{2E1D6C80-311E-4E2A-AB9B-35825BF78724}.Debug|Mixed Platforms.Build.0 = Debug|Any CPU
		{2E1D6C80-311E-4E2A-AB9B-35825BF78724}.Debug|x86.ActiveCfg = Debug|Any CPU
		{2E1D6C80-311E-4E2A-AB9B-35825BF78724}.Release|Any CPU.ActiveCfg = Release|Any CPU
		{2E1D6C80-311E-4E2A-AB9B-35825BF78724}.Release|Any CPU.Build.0 = Release|Any CPU
		{2E1D6C80-311E-4E2A-AB9B-35825BF78724}.Release|Mixed Platforms.ActiveCfg = Release|Any CPU
		{2E1D6C80-311E-4E2A-AB9B-35825BF78724}.Release|Mixed Platforms.Build.0 = Release|Any CPU
		{2E1D6C80-311E-4E2A-AB9B-35825BF78724}.Release|x86.ActiveCfg = Release|Any CPU
		{BD6F77D0-79EF-4866-AD88-9C9801CD1E81}.Debug|Any CPU.ActiveCfg = Debug|Any CPU
		{BD6F77D0-79EF-4866-AD88-9C9801CD1E81}.Debug|Any CPU.Build.0 = Debug|Any CPU
		{BD6F77D0-79EF-4866-AD88-9C9801CD1E81}.Debug|Mixed Platforms.ActiveCfg = Debug|Any CPU
		{BD6F77D0-79EF-4866-AD88-9C9801CD1E81}.Debug|Mixed Platforms.Build.0 = Debug|Any CPU
		{BD6F77D0-79EF-4866-AD88-9C9801CD1E81}.Debug|x86.ActiveCfg = Debug|Any CPU
		{BD6F77D0-79EF-4866-AD88-9C9801CD1E81}.Release|Any CPU.ActiveCfg = Release|Any CPU
		{BD6F77D0-79EF-4866-AD88-9C9801CD1E81}.Release|Any CPU.Build.0 = Release|Any CPU
		{BD6F77D0-79EF-4866-AD88-9C9801CD1E81}.Release|Mixed Platforms.ActiveCfg = Release|Any CPU
		{BD6F77D0-79EF-4866-AD88-9C9801CD1E81}.Release|Mixed Platforms.Build.0 = Release|Any CPU
		{BD6F77D0-79EF-4866-AD88-9C9801CD1E81}.Release|x86.ActiveCfg = Release|Any CPU
	EndGlobalSection
	GlobalSection(SolutionProperties) = preSolution
		HideSolutionNode = FALSE
	EndGlobalSection
	GlobalSection(NestedProjects) = preSolution
		{B2DEB90A-49E9-43D8-B7F8-FE7FBD6DF70A} = {1D339623-8652-4EBC-9DF5-62B0943E6BFC}
		{B5A9131B-EEB0-4016-B87D-12EE4C94C957} = {1D339623-8652-4EBC-9DF5-62B0943E6BFC}
		{2E1D6C80-311E-4E2A-AB9B-35825BF78724} = {1D339623-8652-4EBC-9DF5-62B0943E6BFC}
		{BD6F77D0-79EF-4866-AD88-9C9801CD1E81} = {1D339623-8652-4EBC-9DF5-62B0943E6BFC}
		{7528A566-B0A1-4C61-8C56-20E5E7F35AC5} = {9BB68EA6-BF6E-446E-8382-5F0058155D0A}
		{FEE21637-6F1B-4FE5-AE48-04B336F39C3E} = {9BB68EA6-BF6E-446E-8382-5F0058155D0A}
		{D6C52F32-8C49-48F3-BF8C-9086D8A91FC2} = {9BB68EA6-BF6E-446E-8382-5F0058155D0A}
	EndGlobalSection
EndGlobal
